
Microsoft Visual Studio Solution File, Format Version 12.00
# Visual Studio Version 17
VisualStudioVersion = 17.13.35806.99 d17.13
MinimumVisualStudioVersion = 10.0.40219.1
Project("{FAE04EC0-301F-11D3-BF4B-00C04F79EFBC}") = "GravityIndicator", "GravityIndicator.csproj", "{53F55C64-9E8B-43E9-86AB-54AD47513309}"
EndProject
Global
	GlobalSection(SolutionConfigurationPlatforms) = preSolution
		Debug|Any CPU = Debug|Any CPU
		Release|Any CPU = Release|Any CPU
	EndGlobalSection
	GlobalSection(ProjectConfigurationPlatforms) = postSolution
		{53F55C64-9E8B-43E9-86AB-54AD47513309}.Debug|Any CPU.ActiveCfg = Debug|Any CPU
		{53F55C64-9E8B-43E9-86AB-54AD47513309}.Debug|Any CPU.Build.0 = Debug|Any CPU
		{53F55C64-9E8B-43E9-86AB-54AD47513309}.Release|Any CPU.ActiveCfg = Release|Any CPU
		{53F55C64-9E8B-43E9-86AB-54AD47513309}.Release|Any CPU.Build.0 = Release|Any CPU
	EndGlobalSection
	GlobalSection(SolutionProperties) = preSolution
		HideSolutionNode = FALSE
	EndGlobalSection
	GlobalSection(ExtensibilityGlobals) = postSolution
		SolutionGuid = {D1BE4A0C-69FF-4701-8C86-4F28F185F9EB}
	EndGlobalSection
EndGlobal
